
Microsoft Visual Studio Solution File, Format Version 12.00
# Visual Studio 15
VisualStudioVersion = 15.0.26730.10
MinimumVisualStudioVersion = 10.0.40219.1
Project("{9A19103F-16F7-4668-BE54-9A1E7A4F7556}") = "HSNXT.DSharpPlus.CNextNotifier", "HSNXT.DSharpPlus.CNextNotifier\HSNXT.DSharpPlus.CNextNotifier.csproj", "{7DBCB5DB-2BCC-4B9F-818D-B4FD7E72321C}"
EndProject
Project("{9A19103F-16F7-4668-BE54-9A1E7A4F7556}") = "HSNXT.DSharpPlus.ModernEmbedBuilder", "HSNXT.DSharpPlus.ModernEmbedBuilder\HSNXT.DSharpPlus.ModernEmbedBuilder.csproj", "{B9392BE3-75CA-42D2-8B8E-C6E1445B6483}"
EndProject
Project("{9A19103F-16F7-4668-BE54-9A1E7A4F7556}") = "DSharpPlus", "..\DSharpPlus\DSharpPlus\DSharpPlus.csproj", "{75E73C6B-79B8-4A80-957A-01F00BAFC06A}"
EndProject
Project("{9A19103F-16F7-4668-BE54-9A1E7A4F7556}") = "HSNXT.DSharpPlus.Extended", "HSNXT.DSharpPlus.Extended\HSNXT.DSharpPlus.Extended.csproj", "{E01FA273-FC25-4208-80C6-AE493A923D82}"
EndProject
Project("{9A19103F-16F7-4668-BE54-9A1E7A4F7556}") = "HSNXT.DSharpPlus.Extended.Emoji", "HSNXT.DSharpPlus.Extended.Emoji\HSNXT.DSharpPlus.Extended.Emoji.csproj", "{A6D282BF-FA83-4B8B-9E17-BE0B377B4A75}"
EndProject
Project("{9A19103F-16F7-4668-BE54-9A1E7A4F7556}") = "HSNXT.DSharpPlus.Extended.Lite", "HSNXT.DSharpPlus.Extended.Lite\HSNXT.DSharpPlus.Extended.Lite.csproj", "{FEB46B1B-54EB-4372-8B53-6F4EBBE199E6}"
EndProject
Project("{9A19103F-16F7-4668-BE54-9A1E7A4F7556}") = "DSharpPlus.Rest", "..\DSharpPlus\DSharpPlus.Rest\DSharpPlus.Rest.csproj", "{77B91F68-B290-4797-A826-7C5F515D62AE}"
EndProject
Project("{9A19103F-16F7-4668-BE54-9A1E7A4F7556}") = "DSharpPlus.VoiceNext", "..\DSharpPlus\DSharpPlus.VoiceNext\DSharpPlus.VoiceNext.csproj", "{5BB34BF9-ACC1-42B1-9336-BE56E68CF4B8}"
EndProject
Project("{FAE04EC0-301F-11D3-BF4B-00C04F79EFBC}") = "DSharpPlus.CommandsNext", "..\DSharpPlus\DSharpPlus.CommandsNext\DSharpPlus.CommandsNext.csproj", "{4ABC0375-C9FE-4278-8E82-6FFD3BF2D403}"
EndProject
Project("{FAE04EC0-301F-11D3-BF4B-00C04F79EFBC}") = "HSNXT.DSharpPlus.InteractivityNext", "HSNXT.DSharpPlus.InteractivityNext\HSNXT.DSharpPlus.InteractivityNext.csproj", "{8FE4FDC6-AB92-42EC-A36E-B90282BE73D2}"
EndProject
Global
	GlobalSection(SolutionConfigurationPlatforms) = preSolution
		Debug|Any CPU = Debug|Any CPU
		Release|Any CPU = Release|Any CPU
	EndGlobalSection
	GlobalSection(ProjectConfigurationPlatforms) = postSolution
		{7DBCB5DB-2BCC-4B9F-818D-B4FD7E72321C}.Debug|Any CPU.ActiveCfg = Debug|Any CPU
		{7DBCB5DB-2BCC-4B9F-818D-B4FD7E72321C}.Debug|Any CPU.Build.0 = Debug|Any CPU
		{7DBCB5DB-2BCC-4B9F-818D-B4FD7E72321C}.Release|Any CPU.ActiveCfg = Release|Any CPU
		{7DBCB5DB-2BCC-4B9F-818D-B4FD7E72321C}.Release|Any CPU.Build.0 = Release|Any CPU
		{B9392BE3-75CA-42D2-8B8E-C6E1445B6483}.Debug|Any CPU.ActiveCfg = Debug|Any CPU
		{B9392BE3-75CA-42D2-8B8E-C6E1445B6483}.Debug|Any CPU.Build.0 = Debug|Any CPU
		{B9392BE3-75CA-42D2-8B8E-C6E1445B6483}.Release|Any CPU.ActiveCfg = Release|Any CPU
		{B9392BE3-75CA-42D2-8B8E-C6E1445B6483}.Release|Any CPU.Build.0 = Release|Any CPU
		{75E73C6B-79B8-4A80-957A-01F00BAFC06A}.Debug|Any CPU.ActiveCfg = Debug|Any CPU
		{75E73C6B-79B8-4A80-957A-01F00BAFC06A}.Debug|Any CPU.Build.0 = Debug|Any CPU
		{75E73C6B-79B8-4A80-957A-01F00BAFC06A}.Release|Any CPU.ActiveCfg = Release|Any CPU
		{75E73C6B-79B8-4A80-957A-01F00BAFC06A}.Release|Any CPU.Build.0 = Release|Any CPU
		{E01FA273-FC25-4208-80C6-AE493A923D82}.Debug|Any CPU.ActiveCfg = Debug|Any CPU
		{E01FA273-FC25-4208-80C6-AE493A923D82}.Debug|Any CPU.Build.0 = Debug|Any CPU
		{E01FA273-FC25-4208-80C6-AE493A923D82}.Release|Any CPU.ActiveCfg = Release|Any CPU
		{E01FA273-FC25-4208-80C6-AE493A923D82}.Release|Any CPU.Build.0 = Release|Any CPU
		{A6D282BF-FA83-4B8B-9E17-BE0B377B4A75}.Debug|Any CPU.ActiveCfg = Debug|Any CPU
		{A6D282BF-FA83-4B8B-9E17-BE0B377B4A75}.Debug|Any CPU.Build.0 = Debug|Any CPU
		{A6D282BF-FA83-4B8B-9E17-BE0B377B4A75}.Release|Any CPU.ActiveCfg = Release|Any CPU
		{A6D282BF-FA83-4B8B-9E17-BE0B377B4A75}.Release|Any CPU.Build.0 = Release|Any CPU
		{FEB46B1B-54EB-4372-8B53-6F4EBBE199E6}.Debug|Any CPU.ActiveCfg = Debug|Any CPU
		{FEB46B1B-54EB-4372-8B53-6F4EBBE199E6}.Debug|Any CPU.Build.0 = Debug|Any CPU
		{FEB46B1B-54EB-4372-8B53-6F4EBBE199E6}.Release|Any CPU.ActiveCfg = Release|Any CPU
		{FEB46B1B-54EB-4372-8B53-6F4EBBE199E6}.Release|Any CPU.Build.0 = Release|Any CPU
		{77B91F68-B290-4797-A826-7C5F515D62AE}.Debug|Any CPU.ActiveCfg = Debug|Any CPU
		{77B91F68-B290-4797-A826-7C5F515D62AE}.Debug|Any CPU.Build.0 = Debug|Any CPU
		{77B91F68-B290-4797-A826-7C5F515D62AE}.Release|Any CPU.ActiveCfg = Release|Any CPU
		{77B91F68-B290-4797-A826-7C5F515D62AE}.Release|Any CPU.Build.0 = Release|Any CPU
		{5BB34BF9-ACC1-42B1-9336-BE56E68CF4B8}.Debug|Any CPU.ActiveCfg = Debug|Any CPU
		{5BB34BF9-ACC1-42B1-9336-BE56E68CF4B8}.Debug|Any CPU.Build.0 = Debug|Any CPU
		{5BB34BF9-ACC1-42B1-9336-BE56E68CF4B8}.Release|Any CPU.ActiveCfg = Release|Any CPU
		{5BB34BF9-ACC1-42B1-9336-BE56E68CF4B8}.Release|Any CPU.Build.0 = Release|Any CPU
		{4ABC0375-C9FE-4278-8E82-6FFD3BF2D403}.Debug|Any CPU.ActiveCfg = Debug|Any CPU
		{4ABC0375-C9FE-4278-8E82-6FFD3BF2D403}.Debug|Any CPU.Build.0 = Debug|Any CPU
		{4ABC0375-C9FE-4278-8E82-6FFD3BF2D403}.Release|Any CPU.ActiveCfg = Release|Any CPU
		{4ABC0375-C9FE-4278-8E82-6FFD3BF2D403}.Release|Any CPU.Build.0 = Release|Any CPU
		{8FE4FDC6-AB92-42EC-A36E-B90282BE73D2}.Debug|Any CPU.ActiveCfg = Debug|Any CPU
		{8FE4FDC6-AB92-42EC-A36E-B90282BE73D2}.Debug|Any CPU.Build.0 = Debug|Any CPU
		{8FE4FDC6-AB92-42EC-A36E-B90282BE73D2}.Release|Any CPU.ActiveCfg = Release|Any CPU
		{8FE4FDC6-AB92-42EC-A36E-B90282BE73D2}.Release|Any CPU.Build.0 = Release|Any CPU
	EndGlobalSection
	GlobalSection(SolutionProperties) = preSolution
		HideSolutionNode = FALSE
	EndGlobalSection
	GlobalSection(ExtensibilityGlobals) = postSolution
		SolutionGuid = {C5E1B6E8-7CBA-4076-BEBF-97FC2481D3E8}
	EndGlobalSection
EndGlobal
