
Microsoft Visual Studio Solution File, Format Version 12.00
# Visual Studio 15
VisualStudioVersion = 15.0.26730.10
MinimumVisualStudioVersion = 10.0.40219.1
Project("{9A19103F-16F7-4668-BE54-9A1E7A4F7556}") = "OEISReader", "OEISReader\OEISReader.csproj", "{0E0A9AFE-1C3D-4423-997D-3D955F938DD4}"
EndProject
Project("{9A19103F-16F7-4668-BE54-9A1E7A4F7556}") = "SuperOEISGenerator", "SuperOEISGenerator\SuperOEISGenerator\SuperOEISGenerator.csproj", "{21F45D13-E065-44E9-9EE6-49A24E47C73C}"
EndProject
Project("{9A19103F-16F7-4668-BE54-9A1E7A4F7556}") = "Wither", "Wither\Wither.csproj", "{5C61ADEF-7875-4944-8089-FEED3229D9CE}"
EndProject
Project("{9A19103F-16F7-4668-BE54-9A1E7A4F7556}") = "Dickscord", "Dickscord\Dickscord.csproj", "{E51279F8-8601-4DE0-954E-25725AC0E387}"
EndProject
Project("{9A19103F-16F7-4668-BE54-9A1E7A4F7556}") = "DRPCTest", "DRPCTest\DRPCTest.csproj", "{B22CA287-69E0-4F34-84E9-0E99EA07216E}"
EndProject
Project("{9A19103F-16F7-4668-BE54-9A1E7A4F7556}") = "DSharpPlus.CNextNotifier", "DSharpPlus.CNextNotifier\DSharpPlus.CNextNotifier.csproj", "{7DBCB5DB-2BCC-4B9F-818D-B4FD7E72321C}"
EndProject
Project("{9A19103F-16F7-4668-BE54-9A1E7A4F7556}") = "TestProj47", "TestProj47\TestProj47.csproj", "{63B55225-814D-4238-8703-223676D9E9B6}"
EndProject
Project("{9A19103F-16F7-4668-BE54-9A1E7A4F7556}") = "ReflectToArrayTest", "ReflectToArrayTest\ReflectToArrayTest.csproj", "{D5E69302-4A9F-47B5-9AA3-BB4FCAE89F09}"
EndProject
Project("{FAE04EC0-301F-11D3-BF4B-00C04F79EFBC}") = "RegexesToAssembly", "RegexesToAssembly\RegexesToAssembly.csproj", "{D8F982BB-9B9E-4F9C-A69C-01F2450B577D}"
EndProject
Project("{FAE04EC0-301F-11D3-BF4B-00C04F79EFBC}") = "ExtensionMethodHarvester", "ExtensionMethodHarvester\ExtensionMethodHarvester.csproj", "{A35515B3-F6AE-486A-8D66-3376C5CBB165}"
EndProject
Project("{FAE04EC0-301F-11D3-BF4B-00C04F79EFBC}") = "ExtensionMethodApplier", "ExtensionMethodApplier\ExtensionMethodApplier.csproj", "{14ADF76E-12EB-4607-AA43-5DAD46218E03}"
EndProject
Project("{FAE04EC0-301F-11D3-BF4B-00C04F79EFBC}") = "BotTest", "BotTest\BotTest.csproj", "{96BBC26A-9FBC-48B7-B7FF-CAB89631D76B}"
EndProject
Project("{FAE04EC0-301F-11D3-BF4B-00C04F79EFBC}") = "DSharpPlus.ModernEmbedBuilder", "DSharpPlus.ModernEmbedBuilder\DSharpPlus.ModernEmbedBuilder.csproj", "{B9392BE3-75CA-42D2-8B8E-C6E1445B6483}"
EndProject
Project("{FAE04EC0-301F-11D3-BF4B-00C04F79EFBC}") = "DSharpPlus", "DSharpPlus\DSharpPlus\DSharpPlus.csproj", "{75E73C6B-79B8-4A80-957A-01F00BAFC06A}"
EndProject
Project("{FAE04EC0-301F-11D3-BF4B-00C04F79EFBC}") = "DSharpPlus.WebSocket.WebSocket4Net", "DSharpPlus\DSharpPlus.WebSocket.WebSocket4Net\DSharpPlus.WebSocket.WebSocket4Net.csproj", "{F7C6F73E-BE5D-43D7-9972-639D6264A303}"
EndProject
Project("{FAE04EC0-301F-11D3-BF4B-00C04F79EFBC}") = "DSharpPlus.Extended", "DSharpPlus.Extended\DSharpPlus.Extended.csproj", "{E01FA273-FC25-4208-80C6-AE493A923D82}"
EndProject
Project("{FAE04EC0-301F-11D3-BF4B-00C04F79EFBC}") = "DSPEmojiGenerator", "DSPEmojiGenerator\DSPEmojiGenerator.csproj", "{FA8B4CBB-ED95-4293-86F0-26C07299A50F}"
EndProject
Project("{FAE04EC0-301F-11D3-BF4B-00C04F79EFBC}") = "DSharpPlus.Extended.Emoji", "DSharpPlus.Extended.Emoji\DSharpPlus.Extended.Emoji.csproj", "{A6D282BF-FA83-4B8B-9E17-BE0B377B4A75}"
EndProject
Project("{FAE04EC0-301F-11D3-BF4B-00C04F79EFBC}") = "HSNXT.Promise", "HSNXT.Promise\HSNXT.Promise.csproj", "{4270BE69-4B61-4423-8E30-A08F021053F3}"
EndProject
Global
	GlobalSection(SolutionConfigurationPlatforms) = preSolution
		Debug|Any CPU = Debug|Any CPU
		Release|Any CPU = Release|Any CPU
	EndGlobalSection
	GlobalSection(ProjectConfigurationPlatforms) = postSolution
		{0E0A9AFE-1C3D-4423-997D-3D955F938DD4}.Debug|Any CPU.ActiveCfg = Debug|Any CPU
		{0E0A9AFE-1C3D-4423-997D-3D955F938DD4}.Debug|Any CPU.Build.0 = Debug|Any CPU
		{0E0A9AFE-1C3D-4423-997D-3D955F938DD4}.Release|Any CPU.ActiveCfg = Release|Any CPU
		{0E0A9AFE-1C3D-4423-997D-3D955F938DD4}.Release|Any CPU.Build.0 = Release|Any CPU
		{21F45D13-E065-44E9-9EE6-49A24E47C73C}.Debug|Any CPU.ActiveCfg = Debug|Any CPU
		{21F45D13-E065-44E9-9EE6-49A24E47C73C}.Debug|Any CPU.Build.0 = Debug|Any CPU
		{21F45D13-E065-44E9-9EE6-49A24E47C73C}.Release|Any CPU.ActiveCfg = Release|Any CPU
		{21F45D13-E065-44E9-9EE6-49A24E47C73C}.Release|Any CPU.Build.0 = Release|Any CPU
		{5C61ADEF-7875-4944-8089-FEED3229D9CE}.Debug|Any CPU.ActiveCfg = Debug|Any CPU
		{5C61ADEF-7875-4944-8089-FEED3229D9CE}.Debug|Any CPU.Build.0 = Debug|Any CPU
		{5C61ADEF-7875-4944-8089-FEED3229D9CE}.Release|Any CPU.ActiveCfg = Release|Any CPU
		{5C61ADEF-7875-4944-8089-FEED3229D9CE}.Release|Any CPU.Build.0 = Release|Any CPU
		{E51279F8-8601-4DE0-954E-25725AC0E387}.Debug|Any CPU.ActiveCfg = Debug|Any CPU
		{E51279F8-8601-4DE0-954E-25725AC0E387}.Debug|Any CPU.Build.0 = Debug|Any CPU
		{E51279F8-8601-4DE0-954E-25725AC0E387}.Release|Any CPU.ActiveCfg = Release|Any CPU
		{E51279F8-8601-4DE0-954E-25725AC0E387}.Release|Any CPU.Build.0 = Release|Any CPU
		{B22CA287-69E0-4F34-84E9-0E99EA07216E}.Debug|Any CPU.ActiveCfg = Debug|Any CPU
		{B22CA287-69E0-4F34-84E9-0E99EA07216E}.Debug|Any CPU.Build.0 = Debug|Any CPU
		{B22CA287-69E0-4F34-84E9-0E99EA07216E}.Release|Any CPU.ActiveCfg = Release|Any CPU
		{B22CA287-69E0-4F34-84E9-0E99EA07216E}.Release|Any CPU.Build.0 = Release|Any CPU
		{7DBCB5DB-2BCC-4B9F-818D-B4FD7E72321C}.Debug|Any CPU.ActiveCfg = Debug|Any CPU
		{7DBCB5DB-2BCC-4B9F-818D-B4FD7E72321C}.Debug|Any CPU.Build.0 = Debug|Any CPU
		{7DBCB5DB-2BCC-4B9F-818D-B4FD7E72321C}.Release|Any CPU.ActiveCfg = Release|Any CPU
		{7DBCB5DB-2BCC-4B9F-818D-B4FD7E72321C}.Release|Any CPU.Build.0 = Release|Any CPU
		{63B55225-814D-4238-8703-223676D9E9B6}.Debug|Any CPU.ActiveCfg = Debug|Any CPU
		{63B55225-814D-4238-8703-223676D9E9B6}.Debug|Any CPU.Build.0 = Debug|Any CPU
		{63B55225-814D-4238-8703-223676D9E9B6}.Release|Any CPU.ActiveCfg = Release|Any CPU
		{63B55225-814D-4238-8703-223676D9E9B6}.Release|Any CPU.Build.0 = Release|Any CPU
		{D5E69302-4A9F-47B5-9AA3-BB4FCAE89F09}.Debug|Any CPU.ActiveCfg = Debug|Any CPU
		{D5E69302-4A9F-47B5-9AA3-BB4FCAE89F09}.Debug|Any CPU.Build.0 = Debug|Any CPU
		{D5E69302-4A9F-47B5-9AA3-BB4FCAE89F09}.Release|Any CPU.ActiveCfg = Release|Any CPU
		{D5E69302-4A9F-47B5-9AA3-BB4FCAE89F09}.Release|Any CPU.Build.0 = Release|Any CPU
		{D8F982BB-9B9E-4F9C-A69C-01F2450B577D}.Debug|Any CPU.ActiveCfg = Debug|Any CPU
		{D8F982BB-9B9E-4F9C-A69C-01F2450B577D}.Debug|Any CPU.Build.0 = Debug|Any CPU
		{D8F982BB-9B9E-4F9C-A69C-01F2450B577D}.Release|Any CPU.ActiveCfg = Release|Any CPU
		{D8F982BB-9B9E-4F9C-A69C-01F2450B577D}.Release|Any CPU.Build.0 = Release|Any CPU
		{A35515B3-F6AE-486A-8D66-3376C5CBB165}.Debug|Any CPU.ActiveCfg = Debug|Any CPU
		{A35515B3-F6AE-486A-8D66-3376C5CBB165}.Debug|Any CPU.Build.0 = Debug|Any CPU
		{A35515B3-F6AE-486A-8D66-3376C5CBB165}.Release|Any CPU.ActiveCfg = Release|Any CPU
		{A35515B3-F6AE-486A-8D66-3376C5CBB165}.Release|Any CPU.Build.0 = Release|Any CPU
		{14ADF76E-12EB-4607-AA43-5DAD46218E03}.Debug|Any CPU.ActiveCfg = Debug|Any CPU
		{14ADF76E-12EB-4607-AA43-5DAD46218E03}.Debug|Any CPU.Build.0 = Debug|Any CPU
		{14ADF76E-12EB-4607-AA43-5DAD46218E03}.Release|Any CPU.ActiveCfg = Release|Any CPU
		{14ADF76E-12EB-4607-AA43-5DAD46218E03}.Release|Any CPU.Build.0 = Release|Any CPU
		{96BBC26A-9FBC-48B7-B7FF-CAB89631D76B}.Debug|Any CPU.ActiveCfg = Debug|Any CPU
		{96BBC26A-9FBC-48B7-B7FF-CAB89631D76B}.Debug|Any CPU.Build.0 = Debug|Any CPU
		{96BBC26A-9FBC-48B7-B7FF-CAB89631D76B}.Release|Any CPU.ActiveCfg = Release|Any CPU
		{96BBC26A-9FBC-48B7-B7FF-CAB89631D76B}.Release|Any CPU.Build.0 = Release|Any CPU
		{B9392BE3-75CA-42D2-8B8E-C6E1445B6483}.Debug|Any CPU.ActiveCfg = Debug|Any CPU
		{B9392BE3-75CA-42D2-8B8E-C6E1445B6483}.Debug|Any CPU.Build.0 = Debug|Any CPU
		{B9392BE3-75CA-42D2-8B8E-C6E1445B6483}.Release|Any CPU.ActiveCfg = Release|Any CPU
		{B9392BE3-75CA-42D2-8B8E-C6E1445B6483}.Release|Any CPU.Build.0 = Release|Any CPU
		{75E73C6B-79B8-4A80-957A-01F00BAFC06A}.Debug|Any CPU.ActiveCfg = Debug|Any CPU
		{75E73C6B-79B8-4A80-957A-01F00BAFC06A}.Debug|Any CPU.Build.0 = Debug|Any CPU
		{75E73C6B-79B8-4A80-957A-01F00BAFC06A}.Release|Any CPU.ActiveCfg = Release|Any CPU
		{75E73C6B-79B8-4A80-957A-01F00BAFC06A}.Release|Any CPU.Build.0 = Release|Any CPU
		{F7C6F73E-BE5D-43D7-9972-639D6264A303}.Debug|Any CPU.ActiveCfg = Debug|Any CPU
		{F7C6F73E-BE5D-43D7-9972-639D6264A303}.Debug|Any CPU.Build.0 = Debug|Any CPU
		{F7C6F73E-BE5D-43D7-9972-639D6264A303}.Release|Any CPU.ActiveCfg = Release|Any CPU
		{F7C6F73E-BE5D-43D7-9972-639D6264A303}.Release|Any CPU.Build.0 = Release|Any CPU
		{E01FA273-FC25-4208-80C6-AE493A923D82}.Debug|Any CPU.ActiveCfg = Debug|Any CPU
		{E01FA273-FC25-4208-80C6-AE493A923D82}.Debug|Any CPU.Build.0 = Debug|Any CPU
		{E01FA273-FC25-4208-80C6-AE493A923D82}.Release|Any CPU.ActiveCfg = Release|Any CPU
		{E01FA273-FC25-4208-80C6-AE493A923D82}.Release|Any CPU.Build.0 = Release|Any CPU
		{FA8B4CBB-ED95-4293-86F0-26C07299A50F}.Debug|Any CPU.ActiveCfg = Debug|Any CPU
		{FA8B4CBB-ED95-4293-86F0-26C07299A50F}.Debug|Any CPU.Build.0 = Debug|Any CPU
		{FA8B4CBB-ED95-4293-86F0-26C07299A50F}.Release|Any CPU.ActiveCfg = Release|Any CPU
		{FA8B4CBB-ED95-4293-86F0-26C07299A50F}.Release|Any CPU.Build.0 = Release|Any CPU
		{A6D282BF-FA83-4B8B-9E17-BE0B377B4A75}.Debug|Any CPU.ActiveCfg = Debug|Any CPU
		{A6D282BF-FA83-4B8B-9E17-BE0B377B4A75}.Debug|Any CPU.Build.0 = Debug|Any CPU
		{A6D282BF-FA83-4B8B-9E17-BE0B377B4A75}.Release|Any CPU.ActiveCfg = Release|Any CPU
		{A6D282BF-FA83-4B8B-9E17-BE0B377B4A75}.Release|Any CPU.Build.0 = Release|Any CPU
		{4270BE69-4B61-4423-8E30-A08F021053F3}.Debug|Any CPU.ActiveCfg = Debug|Any CPU
		{4270BE69-4B61-4423-8E30-A08F021053F3}.Debug|Any CPU.Build.0 = Debug|Any CPU
		{4270BE69-4B61-4423-8E30-A08F021053F3}.Release|Any CPU.ActiveCfg = Release|Any CPU
		{4270BE69-4B61-4423-8E30-A08F021053F3}.Release|Any CPU.Build.0 = Release|Any CPU
	EndGlobalSection
	GlobalSection(SolutionProperties) = preSolution
		HideSolutionNode = FALSE
	EndGlobalSection
	GlobalSection(ExtensibilityGlobals) = postSolution
		SolutionGuid = {C5E1B6E8-7CBA-4076-BEBF-97FC2481D3E8}
	EndGlobalSection
EndGlobal
