
Microsoft Visual Studio Solution File, Format Version 12.00
# Visual Studio 15
VisualStudioVersion = 15.0.26730.10
MinimumVisualStudioVersion = 10.0.40219.1
Project("{FAE04EC0-301F-11D3-BF4B-00C04F79EFBC}") = "OEISReader", "OEISReader\OEISReader.csproj", "{0E0A9AFE-1C3D-4423-997D-3D955F938DD4}"
EndProject
Project("{FAE04EC0-301F-11D3-BF4B-00C04F79EFBC}") = "SuperOEISGenerator", "SuperOEISGenerator\SuperOEISGenerator\SuperOEISGenerator.csproj", "{21F45D13-E065-44E9-9EE6-49A24E47C73C}"
EndProject
Project("{FAE04EC0-301F-11D3-BF4B-00C04F79EFBC}") = "Wither", "Wither\Wither.csproj", "{5C61ADEF-7875-4944-8089-FEED3229D9CE}"
EndProject
Project("{FAE04EC0-301F-11D3-BF4B-00C04F79EFBC}") = "Dickscord", "Dickscord\Dickscord.csproj", "{E51279F8-8601-4DE0-954E-25725AC0E387}"
EndProject
Project("{FAE04EC0-301F-11D3-BF4B-00C04F79EFBC}") = "DRPCTest", "DRPCTest\DRPCTest.csproj", "{B22CA287-69E0-4F34-84E9-0E99EA07216E}"
EndProject
Project("{FAE04EC0-301F-11D3-BF4B-00C04F79EFBC}") = "DSharpPlus.CNextNotifier", "DSharpPlus.CNextNotifier\DSharpPlus.CNextNotifier.csproj", "{7DBCB5DB-2BCC-4B9F-818D-B4FD7E72321C}"
EndProject
Project("{FAE04EC0-301F-11D3-BF4B-00C04F79EFBC}") = "TestProj47", "TestProj47\TestProj47.csproj", "{63B55225-814D-4238-8703-223676D9E9B6}"
EndProject
Global
	GlobalSection(SolutionConfigurationPlatforms) = preSolution
		Debug|Any CPU = Debug|Any CPU
		Release|Any CPU = Release|Any CPU
	EndGlobalSection
	GlobalSection(ProjectConfigurationPlatforms) = postSolution
		{0E0A9AFE-1C3D-4423-997D-3D955F938DD4}.Debug|Any CPU.ActiveCfg = Debug|Any CPU
		{0E0A9AFE-1C3D-4423-997D-3D955F938DD4}.Debug|Any CPU.Build.0 = Debug|Any CPU
		{0E0A9AFE-1C3D-4423-997D-3D955F938DD4}.Release|Any CPU.ActiveCfg = Release|Any CPU
		{0E0A9AFE-1C3D-4423-997D-3D955F938DD4}.Release|Any CPU.Build.0 = Release|Any CPU
		{21F45D13-E065-44E9-9EE6-49A24E47C73C}.Debug|Any CPU.ActiveCfg = Debug|Any CPU
		{21F45D13-E065-44E9-9EE6-49A24E47C73C}.Debug|Any CPU.Build.0 = Debug|Any CPU
		{21F45D13-E065-44E9-9EE6-49A24E47C73C}.Release|Any CPU.ActiveCfg = Release|Any CPU
		{21F45D13-E065-44E9-9EE6-49A24E47C73C}.Release|Any CPU.Build.0 = Release|Any CPU
		{5C61ADEF-7875-4944-8089-FEED3229D9CE}.Debug|Any CPU.ActiveCfg = Debug|Any CPU
		{5C61ADEF-7875-4944-8089-FEED3229D9CE}.Debug|Any CPU.Build.0 = Debug|Any CPU
		{5C61ADEF-7875-4944-8089-FEED3229D9CE}.Release|Any CPU.ActiveCfg = Release|Any CPU
		{5C61ADEF-7875-4944-8089-FEED3229D9CE}.Release|Any CPU.Build.0 = Release|Any CPU
		{E51279F8-8601-4DE0-954E-25725AC0E387}.Debug|Any CPU.ActiveCfg = Debug|Any CPU
		{E51279F8-8601-4DE0-954E-25725AC0E387}.Debug|Any CPU.Build.0 = Debug|Any CPU
		{E51279F8-8601-4DE0-954E-25725AC0E387}.Release|Any CPU.ActiveCfg = Release|Any CPU
		{E51279F8-8601-4DE0-954E-25725AC0E387}.Release|Any CPU.Build.0 = Release|Any CPU
		{B22CA287-69E0-4F34-84E9-0E99EA07216E}.Debug|Any CPU.ActiveCfg = Debug|x64
		{B22CA287-69E0-4F34-84E9-0E99EA07216E}.Debug|Any CPU.Build.0 = Debug|x64
		{B22CA287-69E0-4F34-84E9-0E99EA07216E}.Release|Any CPU.ActiveCfg = Release|x64
		{7DBCB5DB-2BCC-4B9F-818D-B4FD7E72321C}.Debug|Any CPU.ActiveCfg = Debug|Any CPU
		{7DBCB5DB-2BCC-4B9F-818D-B4FD7E72321C}.Debug|Any CPU.Build.0 = Debug|Any CPU
		{7DBCB5DB-2BCC-4B9F-818D-B4FD7E72321C}.Release|Any CPU.ActiveCfg = Release|Any CPU
		{7DBCB5DB-2BCC-4B9F-818D-B4FD7E72321C}.Release|Any CPU.Build.0 = Release|Any CPU
		{63B55225-814D-4238-8703-223676D9E9B6}.Debug|Any CPU.ActiveCfg = Debug|Any CPU
		{63B55225-814D-4238-8703-223676D9E9B6}.Debug|Any CPU.Build.0 = Debug|Any CPU
		{63B55225-814D-4238-8703-223676D9E9B6}.Release|Any CPU.ActiveCfg = Release|Any CPU
		{63B55225-814D-4238-8703-223676D9E9B6}.Release|Any CPU.Build.0 = Release|Any CPU
	EndGlobalSection
	GlobalSection(SolutionProperties) = preSolution
		HideSolutionNode = FALSE
	EndGlobalSection
	GlobalSection(ExtensibilityGlobals) = postSolution
		SolutionGuid = {C5E1B6E8-7CBA-4076-BEBF-97FC2481D3E8}
	EndGlobalSection
EndGlobal
